
Microsoft Visual Studio Solution File, Format Version 12.00
# Visual Studio Version 16
VisualStudioVersion = 16.0.28803.202
MinimumVisualStudioVersion = 10.0.40219.1
Project("{FAE04EC0-301F-11D3-BF4B-00C04F79EFBC}") = "WebpackExample", "WebpackExample\WebpackExample.csproj", "{9B6D051F-925D-4108-9DA2-DCFDF1F5798A}"
EndProject
Global
	GlobalSection(SolutionConfigurationPlatforms) = preSolution
		Debug|Any CPU = Debug|Any CPU
		Release|Any CPU = Release|Any CPU
	EndGlobalSection
	GlobalSection(ProjectConfigurationPlatforms) = postSolution
		{9B6D051F-925D-4108-9DA2-DCFDF1F5798A}.Debug|Any CPU.ActiveCfg = Debug|Any CPU
		{9B6D051F-925D-4108-9DA2-DCFDF1F5798A}.Debug|Any CPU.Build.0 = Debug|Any CPU
		{9B6D051F-925D-4108-9DA2-DCFDF1F5798A}.Release|Any CPU.ActiveCfg = Release|Any CPU
		{9B6D051F-925D-4108-9DA2-DCFDF1F5798A}.Release|Any CPU.Build.0 = Release|Any CPU
	EndGlobalSection
	GlobalSection(SolutionProperties) = preSolution
		HideSolutionNode = FALSE
	EndGlobalSection
	GlobalSection(ExtensibilityGlobals) = postSolution
		SolutionGuid = {E07565CA-7871-42E0-AC52-150CE762A551}
	EndGlobalSection
EndGlobal
